
Microsoft Visual Studio Solution File, Format Version 12.00
# Visual Studio Version 17
VisualStudioVersion = 17.7.34031.279
MinimumVisualStudioVersion = 10.0.40219.1
Project("{9A19103F-16F7-4668-BE54-9A1E7A4F7556}") = "Hygge", "Hygge\Hygge.csproj", "{3A14EA79-03DE-4192-9648-21CF77027621}"
EndProject
Global
	GlobalSection(SolutionConfigurationPlatforms) = preSolution
		Debug|Any CPU = Debug|Any CPU
		Release|Any CPU = Release|Any CPU
	EndGlobalSection
	GlobalSection(ProjectConfigurationPlatforms) = postSolution
		{3A14EA79-03DE-4192-9648-21CF77027621}.Debug|Any CPU.ActiveCfg = Debug|Any CPU
		{3A14EA79-03DE-4192-9648-21CF77027621}.Debug|Any CPU.Build.0 = Debug|Any CPU
		{3A14EA79-03DE-4192-9648-21CF77027621}.Release|Any CPU.ActiveCfg = Release|Any CPU
		{3A14EA79-03DE-4192-9648-21CF77027621}.Release|Any CPU.Build.0 = Release|Any CPU
	EndGlobalSection
	GlobalSection(SolutionProperties) = preSolution
		HideSolutionNode = FALSE
	EndGlobalSection
	GlobalSection(ExtensibilityGlobals) = postSolution
		SolutionGuid = {B79A36FB-1BBE-48F8-9437-BFC192B34921}
	EndGlobalSection
EndGlobal
